
Microsoft Visual Studio Solution File, Format Version 12.00
# Visual Studio Version 17
VisualStudioVersion = 17.12.35527.113 d17.12
MinimumVisualStudioVersion = 10.0.40219.1
Project("{FAE04EC0-301F-11D3-BF4B-00C04F79EFBC}") = "AMS", "AMS\AMS.csproj", "{FFE6BE10-BF12-40A3-819E-54EF47B21E29}"
EndProject
Global
	GlobalSection(SolutionConfigurationPlatforms) = preSolution
		Debug|Any CPU = Debug|Any CPU
		Release|Any CPU = Release|Any CPU
	EndGlobalSection
	GlobalSection(ProjectConfigurationPlatforms) = postSolution
		{FFE6BE10-BF12-40A3-819E-54EF47B21E29}.Debug|Any CPU.ActiveCfg = Debug|Any CPU
		{FFE6BE10-BF12-40A3-819E-54EF47B21E29}.Debug|Any CPU.Build.0 = Debug|Any CPU
		{FFE6BE10-BF12-40A3-819E-54EF47B21E29}.Release|Any CPU.ActiveCfg = Release|Any CPU
		{FFE6BE10-BF12-40A3-819E-54EF47B21E29}.Release|Any CPU.Build.0 = Release|Any CPU
	EndGlobalSection
	GlobalSection(SolutionProperties) = preSolution
		HideSolutionNode = FALSE
	EndGlobalSection
EndGlobal
